
Microsoft Visual Studio Solution File, Format Version 12.00
# Visual Studio 15
VisualStudioVersion = 15.0.27130.2026
MinimumVisualStudioVersion = 10.0.40219.1
Project("{FAE04EC0-301F-11D3-BF4B-00C04F79EFBC}") = "MSCustomVisionAPI", "MSCustomVisionAPI\MSCustomVisionAPI.csproj", "{AC806088-B9B3-4DCD-9E3D-4694942BFBBE}"
EndProject
Project("{FAE04EC0-301F-11D3-BF4B-00C04F79EFBC}") = "DetectWeeds", "DetectWeeds\DetectWeeds.csproj", "{D92B5F21-5640-43F7-8FB7-EC99F11B1E76}"
EndProject
Global
	GlobalSection(SolutionConfigurationPlatforms) = preSolution
		Debug|Any CPU = Debug|Any CPU
		Release|Any CPU = Release|Any CPU
	EndGlobalSection
	GlobalSection(ProjectConfigurationPlatforms) = postSolution
		{AC806088-B9B3-4DCD-9E3D-4694942BFBBE}.Debug|Any CPU.ActiveCfg = Debug|Any CPU
		{AC806088-B9B3-4DCD-9E3D-4694942BFBBE}.Debug|Any CPU.Build.0 = Debug|Any CPU
		{AC806088-B9B3-4DCD-9E3D-4694942BFBBE}.Release|Any CPU.ActiveCfg = Release|Any CPU
		{AC806088-B9B3-4DCD-9E3D-4694942BFBBE}.Release|Any CPU.Build.0 = Release|Any CPU
		{D92B5F21-5640-43F7-8FB7-EC99F11B1E76}.Debug|Any CPU.ActiveCfg = Debug|Any CPU
		{D92B5F21-5640-43F7-8FB7-EC99F11B1E76}.Debug|Any CPU.Build.0 = Debug|Any CPU
		{D92B5F21-5640-43F7-8FB7-EC99F11B1E76}.Release|Any CPU.ActiveCfg = Release|Any CPU
		{D92B5F21-5640-43F7-8FB7-EC99F11B1E76}.Release|Any CPU.Build.0 = Release|Any CPU
	EndGlobalSection
	GlobalSection(SolutionProperties) = preSolution
		HideSolutionNode = FALSE
	EndGlobalSection
	GlobalSection(ExtensibilityGlobals) = postSolution
		SolutionGuid = {F47F50DF-4BF6-4D86-930C-1C9E8ECB09B0}
	EndGlobalSection
EndGlobal
